
Microsoft Visual Studio Solution File, Format Version 12.00
# Visual Studio Version 16
VisualStudioVersion = 16.0.31005.135
MinimumVisualStudioVersion = 10.0.40219.1
Project("{9A19103F-16F7-4668-BE54-9A1E7A4F7556}") = "ActivityDemo", "DemoProject1\ActivityDemo.csproj", "{F67FF55A-718F-4E63-86D0-E1CB3B1AEB87}"
EndProject
Project("{9A19103F-16F7-4668-BE54-9A1E7A4F7556}") = "ActivityLibrary", "ActivityLibrary\ActivityLibrary.csproj", "{7F6E37FF-4891-4787-BD56-3D6AB2F32518}"
EndProject
Project("{FAE04EC0-301F-11D3-BF4B-00C04F79EFBC}") = "ActiviyDemoTesting", "ActiviyDemoTesting\ActiviyDemoTesting.csproj", "{799EC393-8446-4546-B31D-658B5C44D8C3}"
EndProject
Global
	GlobalSection(SolutionConfigurationPlatforms) = preSolution
		Debug|Any CPU = Debug|Any CPU
		Release|Any CPU = Release|Any CPU
	EndGlobalSection
	GlobalSection(ProjectConfigurationPlatforms) = postSolution
		{F67FF55A-718F-4E63-86D0-E1CB3B1AEB87}.Debug|Any CPU.ActiveCfg = Debug|Any CPU
		{F67FF55A-718F-4E63-86D0-E1CB3B1AEB87}.Debug|Any CPU.Build.0 = Debug|Any CPU
		{F67FF55A-718F-4E63-86D0-E1CB3B1AEB87}.Release|Any CPU.ActiveCfg = Release|Any CPU
		{F67FF55A-718F-4E63-86D0-E1CB3B1AEB87}.Release|Any CPU.Build.0 = Release|Any CPU
		{7F6E37FF-4891-4787-BD56-3D6AB2F32518}.Debug|Any CPU.ActiveCfg = Debug|Any CPU
		{7F6E37FF-4891-4787-BD56-3D6AB2F32518}.Debug|Any CPU.Build.0 = Debug|Any CPU
		{7F6E37FF-4891-4787-BD56-3D6AB2F32518}.Release|Any CPU.ActiveCfg = Release|Any CPU
		{7F6E37FF-4891-4787-BD56-3D6AB2F32518}.Release|Any CPU.Build.0 = Release|Any CPU
		{799EC393-8446-4546-B31D-658B5C44D8C3}.Debug|Any CPU.ActiveCfg = Debug|Any CPU
		{799EC393-8446-4546-B31D-658B5C44D8C3}.Debug|Any CPU.Build.0 = Debug|Any CPU
		{799EC393-8446-4546-B31D-658B5C44D8C3}.Release|Any CPU.ActiveCfg = Release|Any CPU
		{799EC393-8446-4546-B31D-658B5C44D8C3}.Release|Any CPU.Build.0 = Release|Any CPU
	EndGlobalSection
	GlobalSection(SolutionProperties) = preSolution
		HideSolutionNode = FALSE
	EndGlobalSection
	GlobalSection(ExtensibilityGlobals) = postSolution
		SolutionGuid = {44508F85-417F-4E5D-91AC-41EC4A5B46A2}
	EndGlobalSection
EndGlobal
